Microsoft Visual Studio Solution File, Format Version 12.00
# Visual Studio Version 17
VisualStudioVersion = 17.5.2.0
MinimumVisualStudioVersion = 10.0.40219.1
Project("{FAE04EC0-301F-11D3-BF4B-00C04F79EFBC}") = "WordToPDF", "WordToPDF.csproj", "{2463984F-7C00-40E9-BACC-E127AF9FC864}"
EndProject
Global
	GlobalSection(SolutionConfigurationPlatforms) = preSolution
		Debug|Any CPU = Debug|Any CPU
		Release|Any CPU = Release|Any CPU
	EndGlobalSection
	GlobalSection(ProjectConfigurationPlatforms) = postSolution
		{2463984F-7C00-40E9-BACC-E127AF9FC864}.Debug|Any CPU.ActiveCfg = Debug|Any CPU
		{2463984F-7C00-40E9-BACC-E127AF9FC864}.Debug|Any CPU.Build.0 = Debug|Any CPU
		{2463984F-7C00-40E9-BACC-E127AF9FC864}.Release|Any CPU.ActiveCfg = Release|Any CPU
		{2463984F-7C00-40E9-BACC-E127AF9FC864}.Release|Any CPU.Build.0 = Release|Any CPU
	EndGlobalSection
	GlobalSection(SolutionProperties) = preSolution
		HideSolutionNode = FALSE
	EndGlobalSection
	GlobalSection(ExtensibilityGlobals) = postSolution
		SolutionGuid = {DE8636CF-CF9F-4356-A8BD-CFA73B73C004}
	EndGlobalSection
EndGlobal
